
Microsoft Visual Studio Solution File, Format Version 12.00
# Visual Studio Version 17
VisualStudioVersion = 17.3.32929.385
MinimumVisualStudioVersion = 10.0.40219.1
Project("{FAE04EC0-301F-11D3-BF4B-00C04F79EFBC}") = "ProsperaModel", "ProsperaModel\ProsperaModel.csproj", "{8E5ACCB7-0FBB-4C15-B48C-3BE9666FA6E7}"
EndProject
Global
	GlobalSection(SolutionConfigurationPlatforms) = preSolution
		Debug|Any CPU = Debug|Any CPU
		Release|Any CPU = Release|Any CPU
	EndGlobalSection
	GlobalSection(ProjectConfigurationPlatforms) = postSolution
		{8E5ACCB7-0FBB-4C15-B48C-3BE9666FA6E7}.Debug|Any CPU.ActiveCfg = Debug|Any CPU
		{8E5ACCB7-0FBB-4C15-B48C-3BE9666FA6E7}.Debug|Any CPU.Build.0 = Debug|Any CPU
		{8E5ACCB7-0FBB-4C15-B48C-3BE9666FA6E7}.Release|Any CPU.ActiveCfg = Release|Any CPU
		{8E5ACCB7-0FBB-4C15-B48C-3BE9666FA6E7}.Release|Any CPU.Build.0 = Release|Any CPU
	EndGlobalSection
	GlobalSection(SolutionProperties) = preSolution
		HideSolutionNode = FALSE
	EndGlobalSection
	GlobalSection(ExtensibilityGlobals) = postSolution
		SolutionGuid = {502EE7F8-8688-4B6F-A171-3EA58DC3DD61}
	EndGlobalSection
EndGlobal
